
Microsoft Visual Studio Solution File, Format Version 12.00
# Visual Studio Version 17
VisualStudioVersion = 17.14.36401.2 d17.14
MinimumVisualStudioVersion = 10.0.40219.1
Project("{FAE04EC0-301F-11D3-BF4B-00C04F79EFBC}") = "SFICTDataAccess", "..\CTDataAccess\SFICTDataAccess.csproj", "{32DC1F3D-04BA-4BFC-A48B-1345BA31C063}"
EndProject
Project("{FAE04EC0-301F-11D3-BF4B-00C04F79EFBC}") = "PSAMinDayCalcViewer", "PSAMinDayCalcViewer\PSAMinDayCalcViewer.csproj", "{60A2BD1F-4A07-4C17-9F80-10C450872B13}"
	ProjectSection(ProjectDependencies) = postProject
		{5AFCA911-D96D-41A6-BC0D-C09ED9DBC96C} = {5AFCA911-D96D-41A6-BC0D-C09ED9DBC96C}
	EndProjectSection
EndProject
Project("{FAE04EC0-301F-11D3-BF4B-00C04F79EFBC}") = "SFIConfigUtils", "..\SFIConfigUtils\SFIConfigUtils.csproj", "{60461EE7-B39E-446A-BF6E-27ACC7408751}"
EndProject
Project("{FAE04EC0-301F-11D3-BF4B-00C04F79EFBC}") = "SFICTDateTimeUtils", "..\CTDateTimeUtils\SFICTDateTimeUtils.csproj", "{832A020A-F0E9-4257-918D-26190F000CD2}"
EndProject
Project("{FAE04EC0-301F-11D3-BF4B-00C04F79EFBC}") = "MinDayProcess", "MinDayProcess\MinDayProcess.csproj", "{5AFCA911-D96D-41A6-BC0D-C09ED9DBC96C}"
EndProject
Project("{FAE04EC0-301F-11D3-BF4B-00C04F79EFBC}") = "MSEval", "..\MSEval\MSEval.csproj", "{5D61CEC7-068C-46BF-B1A8-E0D38EA00F9F}"
	ProjectSection(ProjectDependencies) = postProject
		{60461EE7-B39E-446A-BF6E-27ACC7408751} = {60461EE7-B39E-446A-BF6E-27ACC7408751}
	EndProjectSection
EndProject
Project("{FAE04EC0-301F-11D3-BF4B-00C04F79EFBC}") = "PSAMinDay", "PSAMinDay\PSAMinDay.csproj", "{C2C2A59F-2CD5-4F84-BE3B-FDFAF38379A5}"
EndProject
Project("{FAE04EC0-301F-11D3-BF4B-00C04F79EFBC}") = "CTApp", "..\CTApp\CTApp.csproj", "{659BEDFF-92A3-4F2D-A5AC-DA489983EA9D}"
EndProject
Project("{FAE04EC0-301F-11D3-BF4B-00C04F79EFBC}") = "PVA", "PVA\PVA.csproj", "{E9DF3E91-50AD-4342-A1AB-5F23A8F6F835}"
EndProject
Global
	GlobalSection(SolutionConfigurationPlatforms) = preSolution
		Debug|Any CPU = Debug|Any CPU
		Debug|x86 = Debug|x86
		Release|Any CPU = Release|Any CPU
		Release|x86 = Release|x86
	EndGlobalSection
	GlobalSection(ProjectConfigurationPlatforms) = postSolution
		{32DC1F3D-04BA-4BFC-A48B-1345BA31C063}.Debug|Any CPU.ActiveCfg = Debug|Any CPU
		{32DC1F3D-04BA-4BFC-A48B-1345BA31C063}.Debug|Any CPU.Build.0 = Debug|Any CPU
		{32DC1F3D-04BA-4BFC-A48B-1345BA31C063}.Debug|x86.ActiveCfg = Debug|x86
		{32DC1F3D-04BA-4BFC-A48B-1345BA31C063}.Debug|x86.Build.0 = Debug|x86
		{32DC1F3D-04BA-4BFC-A48B-1345BA31C063}.Release|Any CPU.ActiveCfg = Release|Any CPU
		{32DC1F3D-04BA-4BFC-A48B-1345BA31C063}.Release|Any CPU.Build.0 = Release|Any CPU
		{32DC1F3D-04BA-4BFC-A48B-1345BA31C063}.Release|x86.ActiveCfg = Release|x86
		{32DC1F3D-04BA-4BFC-A48B-1345BA31C063}.Release|x86.Build.0 = Release|x86
		{60A2BD1F-4A07-4C17-9F80-10C450872B13}.Debug|Any CPU.ActiveCfg = Debug|Any CPU
		{60A2BD1F-4A07-4C17-9F80-10C450872B13}.Debug|Any CPU.Build.0 = Debug|Any CPU
		{60A2BD1F-4A07-4C17-9F80-10C450872B13}.Debug|x86.ActiveCfg = Debug|Any CPU
		{60A2BD1F-4A07-4C17-9F80-10C450872B13}.Release|Any CPU.ActiveCfg = Release|Any CPU
		{60A2BD1F-4A07-4C17-9F80-10C450872B13}.Release|Any CPU.Build.0 = Release|Any CPU
		{60A2BD1F-4A07-4C17-9F80-10C450872B13}.Release|x86.ActiveCfg = Release|Any CPU
		{60461EE7-B39E-446A-BF6E-27ACC7408751}.Debug|Any CPU.ActiveCfg = Debug|Any CPU
		{60461EE7-B39E-446A-BF6E-27ACC7408751}.Debug|Any CPU.Build.0 = Debug|Any CPU
		{60461EE7-B39E-446A-BF6E-27ACC7408751}.Debug|x86.ActiveCfg = Debug|x86
		{60461EE7-B39E-446A-BF6E-27ACC7408751}.Debug|x86.Build.0 = Debug|x86
		{60461EE7-B39E-446A-BF6E-27ACC7408751}.Release|Any CPU.ActiveCfg = Release|Any CPU
		{60461EE7-B39E-446A-BF6E-27ACC7408751}.Release|Any CPU.Build.0 = Release|Any CPU
		{60461EE7-B39E-446A-BF6E-27ACC7408751}.Release|x86.ActiveCfg = Release|x86
		{60461EE7-B39E-446A-BF6E-27ACC7408751}.Release|x86.Build.0 = Release|x86
		{832A020A-F0E9-4257-918D-26190F000CD2}.Debug|Any CPU.ActiveCfg = Debug|Any CPU
		{832A020A-F0E9-4257-918D-26190F000CD2}.Debug|Any CPU.Build.0 = Debug|Any CPU
		{832A020A-F0E9-4257-918D-26190F000CD2}.Debug|x86.ActiveCfg = Debug|x86
		{832A020A-F0E9-4257-918D-26190F000CD2}.Debug|x86.Build.0 = Debug|x86
		{832A020A-F0E9-4257-918D-26190F000CD2}.Release|Any CPU.ActiveCfg = Release|Any CPU
		{832A020A-F0E9-4257-918D-26190F000CD2}.Release|Any CPU.Build.0 = Release|Any CPU
		{832A020A-F0E9-4257-918D-26190F000CD2}.Release|x86.ActiveCfg = Release|x86
		{832A020A-F0E9-4257-918D-26190F000CD2}.Release|x86.Build.0 = Release|x86
		{5AFCA911-D96D-41A6-BC0D-C09ED9DBC96C}.Debug|Any CPU.ActiveCfg = Debug|Any CPU
		{5AFCA911-D96D-41A6-BC0D-C09ED9DBC96C}.Debug|Any CPU.Build.0 = Debug|Any CPU
		{5AFCA911-D96D-41A6-BC0D-C09ED9DBC96C}.Debug|x86.ActiveCfg = Debug|Any CPU
		{5AFCA911-D96D-41A6-BC0D-C09ED9DBC96C}.Release|Any CPU.ActiveCfg = Release|Any CPU
		{5AFCA911-D96D-41A6-BC0D-C09ED9DBC96C}.Release|Any CPU.Build.0 = Release|Any CPU
		{5AFCA911-D96D-41A6-BC0D-C09ED9DBC96C}.Release|x86.ActiveCfg = Release|Any CPU
		{5D61CEC7-068C-46BF-B1A8-E0D38EA00F9F}.Debug|Any CPU.ActiveCfg = Debug|Any CPU
		{5D61CEC7-068C-46BF-B1A8-E0D38EA00F9F}.Debug|Any CPU.Build.0 = Debug|Any CPU
		{5D61CEC7-068C-46BF-B1A8-E0D38EA00F9F}.Debug|x86.ActiveCfg = Debug|Any CPU
		{5D61CEC7-068C-46BF-B1A8-E0D38EA00F9F}.Release|Any CPU.ActiveCfg = Release|Any CPU
		{5D61CEC7-068C-46BF-B1A8-E0D38EA00F9F}.Release|Any CPU.Build.0 = Release|Any CPU
		{5D61CEC7-068C-46BF-B1A8-E0D38EA00F9F}.Release|x86.ActiveCfg = Release|Any CPU
		{C2C2A59F-2CD5-4F84-BE3B-FDFAF38379A5}.Debug|Any CPU.ActiveCfg = Debug|Any CPU
		{C2C2A59F-2CD5-4F84-BE3B-FDFAF38379A5}.Debug|Any CPU.Build.0 = Debug|Any CPU
		{C2C2A59F-2CD5-4F84-BE3B-FDFAF38379A5}.Debug|x86.ActiveCfg = Debug|Any CPU
		{C2C2A59F-2CD5-4F84-BE3B-FDFAF38379A5}.Release|Any CPU.ActiveCfg = Release|Any CPU
		{C2C2A59F-2CD5-4F84-BE3B-FDFAF38379A5}.Release|Any CPU.Build.0 = Release|Any CPU
		{C2C2A59F-2CD5-4F84-BE3B-FDFAF38379A5}.Release|x86.ActiveCfg = Release|Any CPU
		{659BEDFF-92A3-4F2D-A5AC-DA489983EA9D}.Debug|Any CPU.ActiveCfg = Debug|Any CPU
		{659BEDFF-92A3-4F2D-A5AC-DA489983EA9D}.Debug|Any CPU.Build.0 = Debug|Any CPU
		{659BEDFF-92A3-4F2D-A5AC-DA489983EA9D}.Debug|x86.ActiveCfg = Debug|x86
		{659BEDFF-92A3-4F2D-A5AC-DA489983EA9D}.Debug|x86.Build.0 = Debug|x86
		{659BEDFF-92A3-4F2D-A5AC-DA489983EA9D}.Release|Any CPU.ActiveCfg = Release|Any CPU
		{659BEDFF-92A3-4F2D-A5AC-DA489983EA9D}.Release|Any CPU.Build.0 = Release|Any CPU
		{659BEDFF-92A3-4F2D-A5AC-DA489983EA9D}.Release|x86.ActiveCfg = Release|x86
		{659BEDFF-92A3-4F2D-A5AC-DA489983EA9D}.Release|x86.Build.0 = Release|x86
		{E9DF3E91-50AD-4342-A1AB-5F23A8F6F835}.Debug|Any CPU.ActiveCfg = Debug|x86
		{E9DF3E91-50AD-4342-A1AB-5F23A8F6F835}.Debug|x86.ActiveCfg = Debug|x86
		{E9DF3E91-50AD-4342-A1AB-5F23A8F6F835}.Debug|x86.Build.0 = Debug|x86
		{E9DF3E91-50AD-4342-A1AB-5F23A8F6F835}.Release|Any CPU.ActiveCfg = Release|x86
		{E9DF3E91-50AD-4342-A1AB-5F23A8F6F835}.Release|x86.ActiveCfg = Release|x86
		{E9DF3E91-50AD-4342-A1AB-5F23A8F6F835}.Release|x86.Build.0 = Release|x86
	EndGlobalSection
	GlobalSection(SolutionProperties) = preSolution
		HideSolutionNode = FALSE
	EndGlobalSection
	GlobalSection(ExtensibilityGlobals) = postSolution
		SolutionGuid = {6A95E039-A25F-493B-986F-38FE54AD3390}
	EndGlobalSection
EndGlobal
